
Microsoft Visual Studio Solution File, Format Version 12.00
# Visual Studio Version 17
VisualStudioVersion = 17.11.35303.130
MinimumVisualStudioVersion = 10.0.40219.1
Project("{FAE04EC0-301F-11D3-BF4B-00C04F79EFBC}") = "PacmanWithoutMVVM", "PacmanWithoutMVVM\PacmanWithoutMVVM.csproj", "{D0638190-C551-42B4-BCDE-7F3FC1688327}"
EndProject
Global
	GlobalSection(SolutionConfigurationPlatforms) = preSolution
		Debug|Any CPU = Debug|Any CPU
		Release|Any CPU = Release|Any CPU
	EndGlobalSection
	GlobalSection(ProjectConfigurationPlatforms) = postSolution
		{D0638190-C551-42B4-BCDE-7F3FC1688327}.Debug|Any CPU.ActiveCfg = Debug|Any CPU
		{D0638190-C551-42B4-BCDE-7F3FC1688327}.Debug|Any CPU.Build.0 = Debug|Any CPU
		{D0638190-C551-42B4-BCDE-7F3FC1688327}.Release|Any CPU.ActiveCfg = Release|Any CPU
		{D0638190-C551-42B4-BCDE-7F3FC1688327}.Release|Any CPU.Build.0 = Release|Any CPU
	EndGlobalSection
	GlobalSection(SolutionProperties) = preSolution
		HideSolutionNode = FALSE
	EndGlobalSection
	GlobalSection(ExtensibilityGlobals) = postSolution
		SolutionGuid = {C1A06085-F665-46A8-AF5B-EAD429387526}
	EndGlobalSection
EndGlobal
